
Microsoft Visual Studio Solution File, Format Version 12.00
# Visual Studio Version 16
VisualStudioVersion = 16.0.29806.167
MinimumVisualStudioVersion = 10.0.40219.1
Project("{FAE04EC0-301F-11D3-BF4B-00C04F79EFBC}") = "STLFile", "STLFile\STLFile.csproj", "{E8BDBEDD-43D4-426D-8D44-A4272C96BA46}"
EndProject
Global
	GlobalSection(SolutionConfigurationPlatforms) = preSolution
		Debug|Any CPU = Debug|Any CPU
		Release|Any CPU = Release|Any CPU
	EndGlobalSection
	GlobalSection(ProjectConfigurationPlatforms) = postSolution
		{E8BDBEDD-43D4-426D-8D44-A4272C96BA46}.Debug|Any CPU.ActiveCfg = Debug|Any CPU
		{E8BDBEDD-43D4-426D-8D44-A4272C96BA46}.Debug|Any CPU.Build.0 = Debug|Any CPU
		{E8BDBEDD-43D4-426D-8D44-A4272C96BA46}.Release|Any CPU.ActiveCfg = Release|Any CPU
		{E8BDBEDD-43D4-426D-8D44-A4272C96BA46}.Release|Any CPU.Build.0 = Release|Any CPU
	EndGlobalSection
	GlobalSection(SolutionProperties) = preSolution
		HideSolutionNode = FALSE
	EndGlobalSection
	GlobalSection(ExtensibilityGlobals) = postSolution
		SolutionGuid = {7C38240F-3146-4E8E-B6C2-C907FBE10342}
	EndGlobalSection
EndGlobal
